
Microsoft Visual Studio Solution File, Format Version 12.00
# Visual Studio 2015
Project("{FAE04EC0-301F-11D3-BF4B-00C04F79EFBC}") = "MathDefence.Plugins", "MathDefence.Plugins.csproj", "{D06FE392-E7EE-646B-E00B-F91ACB3306C2}"
EndProject
Project("{FAE04EC0-301F-11D3-BF4B-00C04F79EFBC}") = "MathDefence", "MathDefence.csproj", "{A3A2516F-4649-AE24-1B50-21A36BD6D60C}"
EndProject
Project("{FAE04EC0-301F-11D3-BF4B-00C04F79EFBC}") = "MathDefence.Editor", "MathDefence.Editor.csproj", "{46FE892D-17CB-6EB2-F151-A7753EFB9CCE}"
EndProject
Global
	GlobalSection(SolutionConfigurationPlatforms) = preSolution
		Debug|Any CPU = Debug|Any CPU
		Release|Any CPU = Release|Any CPU
	EndGlobalSection
	GlobalSection(ProjectConfigurationPlatforms) = postSolution
		{D06FE392-E7EE-646B-E00B-F91ACB3306C2}.Debug|Any CPU.ActiveCfg = Debug|Any CPU
		{D06FE392-E7EE-646B-E00B-F91ACB3306C2}.Debug|Any CPU.Build.0 = Debug|Any CPU
		{D06FE392-E7EE-646B-E00B-F91ACB3306C2}.Release|Any CPU.ActiveCfg = Release|Any CPU
		{D06FE392-E7EE-646B-E00B-F91ACB3306C2}.Release|Any CPU.Build.0 = Release|Any CPU
		{A3A2516F-4649-AE24-1B50-21A36BD6D60C}.Debug|Any CPU.ActiveCfg = Debug|Any CPU
		{A3A2516F-4649-AE24-1B50-21A36BD6D60C}.Debug|Any CPU.Build.0 = Debug|Any CPU
		{A3A2516F-4649-AE24-1B50-21A36BD6D60C}.Release|Any CPU.ActiveCfg = Release|Any CPU
		{A3A2516F-4649-AE24-1B50-21A36BD6D60C}.Release|Any CPU.Build.0 = Release|Any CPU
		{46FE892D-17CB-6EB2-F151-A7753EFB9CCE}.Debug|Any CPU.ActiveCfg = Debug|Any CPU
		{46FE892D-17CB-6EB2-F151-A7753EFB9CCE}.Debug|Any CPU.Build.0 = Debug|Any CPU
		{46FE892D-17CB-6EB2-F151-A7753EFB9CCE}.Release|Any CPU.ActiveCfg = Release|Any CPU
		{46FE892D-17CB-6EB2-F151-A7753EFB9CCE}.Release|Any CPU.Build.0 = Release|Any CPU
	EndGlobalSection
	GlobalSection(SolutionProperties) = preSolution
		HideSolutionNode = FALSE
	EndGlobalSection
EndGlobal
